<?xml version="1.0" encoding="utf-8"?>
<Project ToolsVersion="4.0" xmlns="http://schemas.microsoft.com/developer/msbuild/2003">
  <ItemGroup>
    <Filter Include="Source Files">
      <UniqueIdentifier>{c430da3b-800d-42a8-bc87-da5e819c4111}</UniqueIdentifier>
      <Extensions>*.cpp</Extensions>
    </Filter>
    <Filter Include="Header Files">
      <UniqueIdentifier>{5aa401c8-aeae-4826-a90e-0c2d80230120}</UniqueIdentifier>
      <Extensions>*.h</Extensions>
    </Filter>
  </ItemGroup>
  <ItemGroup>
    <ClCompile Include="coreicode.cpp">
      <Filter>Source Files</Filter>
    </ClCompile>
    <ClCompile Include="corelisting.cpp">
      <Filter>Source Files</Filter>
    </ClCompile>
    <ClCompile Include="coresymbols.cpp">
      <Filter>Source Files</Filter>
    </ClCompile>
    <ClCompile Include="errors.cpp">
      <Filter>Source Files</Filter>
    </ClCompile>
    <ClCompile Include="hpplib.cpp">
      <Filter>Source Files</Filter>
    </ClCompile>
  </ItemGroup>
  <ItemGroup>
    <ClInclude Include="corecommon.h">
      <Filter>Header Files</Filter>
    </ClInclude>
    <ClInclude Include="coreicode.h">
      <Filter>Header Files</Filter>
    </ClInclude>
    <ClInclude Include="corelisting.h">
      <Filter>Header Files</Filter>
    </ClInclude>
    <ClInclude Include="coresymbols.h">
      <Filter>Header Files</Filter>
    </ClInclude>
    <ClInclude Include="errors.h">
      <Filter>Header Files</Filter>
    </ClInclude>
    <ClInclude Include="hpplib.h">
      <Filter>Header Files</Filter>
    </ClInclude>
    <ClInclude Include="ifbiterator.h">
      <Filter>Header Files</Filter>
    </ClInclude>
  </ItemGroup>
</Project>